{
  "version": 2,
  "dependencies": {
    "net7.0": {
      "Microsoft.NET.Test.Sdk": {
        "type": "Direct",
        "requested": "[17.5.0, )",
        "resolved": "17.5.0",
        "contentHash": "IJ4eSPcsRbwbAZehh1M9KgejSy0u3d0wAdkJytfCh67zOaCl5U3ltruUEe15MqirdRqGmm/ngbjeaVeGapSZxg==",
        "dependencies": {
          "Microsoft.CodeCoverage": "17.5.0",
          "Microsoft.TestPlatform.TestHost": "17.5.0"
        }
      },
      "MSTest.TestAdapter": {
        "type": "Direct",
        "requested": "[3.0.2, )",
        "resolved": "3.0.2",
        "contentHash": "K1hhtevCzbogylmAnCluV/M1/Ajr5EKfxWq3nv+iYxt+gHLN4gSqT6B3tPnNqUbE4aWT1aUHagcRMnARt45NzQ=="
      },
      "MSTest.TestFramework": {
        "type": "Direct",
        "requested": "[3.0.2, )",
        "resolved": "3.0.2",
        "contentHash": "cuCE5PXK0mX0FIfY3yzDNKFqCf2FTxZhdH/Bxg4662MAWZg4TnG3rYsFzNpPECrvn8Ry6lG8TaT2Ltg1NZkC6Q=="
      },
      "SixLabors.ImageSharp": {
        "type": "Direct",
        "requested": "[3.1.5, )",
        "resolved": "3.1.5",
        "contentHash": "lNtlq7dSI/QEbYey+A0xn48z5w4XHSffF8222cC4F4YwTXfEImuiBavQcWjr49LThT/pRmtWJRcqA/PlL+eJ6g=="
      },
      "SonarAnalyzer.CSharp": {
        "type": "Direct",
        "requested": "[9.21.0.86780, )",
        "resolved": "9.21.0.86780",
        "contentHash": "m+0RKlTMGDLKH8zDwGqWtvVVbY7leuDWNjcGDqEtvI12lR0fQtmPV8eooMyaA76QxUxRnbIMmilwqba1lXMvJQ=="
      },
      "Maa.Framework.Runtime.linux-arm64": {
        "type": "Transitive",
        "resolved": "2.0.1",
        "contentHash": "uAPOXXvkr6Olmz34EhUBMf77JU38pCAVDwjVABAnPtHS64vcRBrdnJwGgua6rSBF91bb95bdA3fypRb1YCsjfw=="
      },
      "Maa.Framework.Runtime.linux-x64": {
        "type": "Transitive",
        "resolved": "2.0.1",
        "contentHash": "77fVvMp2x9jWUOh+Tzathox/VIMT3lOk16UrfOWvhYQ3lM1x6svm5IWgJBAiAxrLhiLclD5QerScyw0rikG37g=="
      },
      "Maa.Framework.Runtime.osx-arm64": {
        "type": "Transitive",
        "resolved": "2.0.1",
        "contentHash": "X3jSHEJpcMRgbarAKutynXueAt7AzIbg21PKWlfe/U41DupM5B0Rkhp6iFZvFXW1SRMfn0rpfxyGOWmCkM9PCA=="
      },
      "Maa.Framework.Runtime.osx-x64": {
        "type": "Transitive",
        "resolved": "2.0.1",
        "contentHash": "dY6p4dGLyytfijlqHdM+u0/askRMcoMMwZ+BSNJOBqdTfDxxglyru8+6GmS+kSuKh0BBsOHRY2bDRMm843Jm4g=="
      },
      "Maa.Framework.Runtime.win-arm64": {
        "type": "Transitive",
        "resolved": "2.0.1",
        "contentHash": "Cl0QZVHCKUN/dSw2w1Sr6nFACRKXaO0Kr3V63VAzTyScDj6S2NNOdVlBXcaqdJZF7uUb4iyhcAmBsgmcCSvgjw=="
      },
      "Maa.Framework.Runtime.win-x64": {
        "type": "Transitive",
        "resolved": "2.0.1",
        "contentHash": "Xa26crmeyGGE9y+M1cTONtIAHF2WLUco9oA2DKqs/oyWEUPgoR4CLsGIVib0lfSUDikm3ZSias3MWHC40eW2dw=="
      },
      "Microsoft.CodeCoverage": {
        "type": "Transitive",
        "resolved": "17.5.0",
        "contentHash": "6FQo0O6LKDqbCiIgVQhJAf810HSjFlOj7FunWaeOGDKxy8DAbpHzPk4SfBTXz9ytaaceuIIeR6hZgplt09m+ig=="
      },
      "Microsoft.TestPlatform.ObjectModel": {
        "type": "Transitive",
        "resolved": "17.5.0",
        "contentHash": "QwiBJcC/oEA1kojOaB0uPWOIo4i6BYuTBBYJVhUvmXkyYqZ2Ut/VZfgi+enf8LF8J4sjO98oRRFt39MiRorcIw==",
        "dependencies": {
          "NuGet.Frameworks": "5.11.0",
          "System.Reflection.Metadata": "1.6.0"
        }
      },
      "Microsoft.TestPlatform.TestHost": {
        "type": "Transitive",
        "resolved": "17.5.0",
        "contentHash": "X86aikwp9d4SDcBChwzQYZihTPGEtMdDk+9t64emAl7N0Tq+OmlLAoW+Rs+2FB2k6QdUicSlT4QLO2xABRokaw==",
        "dependencies": {
          "Microsoft.TestPlatform.ObjectModel": "17.5.0",
          "Newtonsoft.Json": "13.0.1"
        }
      },
      "Newtonsoft.Json": {
        "type": "Transitive",
        "resolved": "13.0.1",
        "contentHash": "ppPFpBcvxdsfUonNcvITKqLl3bqxWbDCZIzDWHzjpdAHRFfZe0Dw9HmA0+za13IdyrgJwpkDTDA9fHaxOrt20A=="
      },
      "NuGet.Frameworks": {
        "type": "Transitive",
        "resolved": "5.11.0",
        "contentHash": "eaiXkUjC4NPcquGWzAGMXjuxvLwc6XGKMptSyOGQeT0X70BUZObuybJFZLA0OfTdueLd3US23NBPTBb6iF3V1Q=="
      },
      "System.Reflection.Metadata": {
        "type": "Transitive",
        "resolved": "1.6.0",
        "contentHash": "COC1aiAJjCoA5GBF+QKL2uLqEBew4JsCkQmoHKbN3TlOZKa2fKLz5CpiRQKDz0RsAOEGsVKqOD5bomsXq/4STQ=="
      },
      "Maa.Framework": {
        "type": "Project",
        "dependencies": {
          "Maa.Framework.Native": "[1.0.0-dev, )",
          "Maa.Framework.Runtimes": "[2.0.1, )"
        }
      },
      "Maa.Framework.Binding": {
        "type": "Project"
      },
      "Maa.Framework.Binding.Native": {
        "type": "Project",
        "dependencies": {
          "Maa.Framework.Binding": "[1.0.0-dev, )"
        }
      },
      "Maa.Framework.Native": {
        "type": "Project",
        "dependencies": {
          "Maa.AgentBinary": "[1.0.0, )",
          "Maa.Framework.Binding.Native": "[1.0.0-dev, )"
        }
      },
      "Maa.AgentBinary": {
        "type": "CentralTransitive",
        "requested": "[1.0.0, )",
        "resolved": "1.0.0",
        "contentHash": "09TsLd4LbaxoK68AZAg4MZFle/kkX8JZTbjRbkJYptyUCPCtdbVr8odukKG1CUzL4Wumbu+Fk7ppNX/OSlRMOA=="
      },
      "Maa.Framework.Runtimes": {
        "type": "CentralTransitive",
        "requested": "[2.0.1, )",
        "resolved": "2.0.1",
        "contentHash": "2a/zZ98Ia6DHX5MRlst45HTWLG60PveUFuozRSs2dWt4+vdstEWxaPCeewk1fllxLjEdpE2YHLWxx2c4Tpd30Q==",
        "dependencies": {
          "Maa.Framework.Runtime.linux-arm64": "2.0.1",
          "Maa.Framework.Runtime.linux-x64": "2.0.1",
          "Maa.Framework.Runtime.osx-arm64": "2.0.1",
          "Maa.Framework.Runtime.osx-x64": "2.0.1",
          "Maa.Framework.Runtime.win-arm64": "2.0.1",
          "Maa.Framework.Runtime.win-x64": "2.0.1"
        }
      }
    },
    "net8.0": {
      "Microsoft.NET.Test.Sdk": {
        "type": "Direct",
        "requested": "[17.5.0, )",
        "resolved": "17.5.0",
        "contentHash": "IJ4eSPcsRbwbAZehh1M9KgejSy0u3d0wAdkJytfCh67zOaCl5U3ltruUEe15MqirdRqGmm/ngbjeaVeGapSZxg==",
        "dependencies": {
          "Microsoft.CodeCoverage": "17.5.0",
          "Microsoft.TestPlatform.TestHost": "17.5.0"
        }
      },
      "MSTest.TestAdapter": {
        "type": "Direct",
        "requested": "[3.0.2, )",
        "resolved": "3.0.2",
        "contentHash": "K1hhtevCzbogylmAnCluV/M1/Ajr5EKfxWq3nv+iYxt+gHLN4gSqT6B3tPnNqUbE4aWT1aUHagcRMnARt45NzQ=="
      },
      "MSTest.TestFramework": {
        "type": "Direct",
        "requested": "[3.0.2, )",
        "resolved": "3.0.2",
        "contentHash": "cuCE5PXK0mX0FIfY3yzDNKFqCf2FTxZhdH/Bxg4662MAWZg4TnG3rYsFzNpPECrvn8Ry6lG8TaT2Ltg1NZkC6Q=="
      },
      "SixLabors.ImageSharp": {
        "type": "Direct",
        "requested": "[3.1.5, )",
        "resolved": "3.1.5",
        "contentHash": "lNtlq7dSI/QEbYey+A0xn48z5w4XHSffF8222cC4F4YwTXfEImuiBavQcWjr49LThT/pRmtWJRcqA/PlL+eJ6g=="
      },
      "SonarAnalyzer.CSharp": {
        "type": "Direct",
        "requested": "[9.21.0.86780, )",
        "resolved": "9.21.0.86780",
        "contentHash": "m+0RKlTMGDLKH8zDwGqWtvVVbY7leuDWNjcGDqEtvI12lR0fQtmPV8eooMyaA76QxUxRnbIMmilwqba1lXMvJQ=="
      },
      "Maa.Framework.Runtime.linux-arm64": {
        "type": "Transitive",
        "resolved": "2.0.1",
        "contentHash": "uAPOXXvkr6Olmz34EhUBMf77JU38pCAVDwjVABAnPtHS64vcRBrdnJwGgua6rSBF91bb95bdA3fypRb1YCsjfw=="
      },
      "Maa.Framework.Runtime.linux-x64": {
        "type": "Transitive",
        "resolved": "2.0.1",
        "contentHash": "77fVvMp2x9jWUOh+Tzathox/VIMT3lOk16UrfOWvhYQ3lM1x6svm5IWgJBAiAxrLhiLclD5QerScyw0rikG37g=="
      },
      "Maa.Framework.Runtime.osx-arm64": {
        "type": "Transitive",
        "resolved": "2.0.1",
        "contentHash": "X3jSHEJpcMRgbarAKutynXueAt7AzIbg21PKWlfe/U41DupM5B0Rkhp6iFZvFXW1SRMfn0rpfxyGOWmCkM9PCA=="
      },
      "Maa.Framework.Runtime.osx-x64": {
        "type": "Transitive",
        "resolved": "2.0.1",
        "contentHash": "dY6p4dGLyytfijlqHdM+u0/askRMcoMMwZ+BSNJOBqdTfDxxglyru8+6GmS+kSuKh0BBsOHRY2bDRMm843Jm4g=="
      },
      "Maa.Framework.Runtime.win-arm64": {
        "type": "Transitive",
        "resolved": "2.0.1",
        "contentHash": "Cl0QZVHCKUN/dSw2w1Sr6nFACRKXaO0Kr3V63VAzTyScDj6S2NNOdVlBXcaqdJZF7uUb4iyhcAmBsgmcCSvgjw=="
      },
      "Maa.Framework.Runtime.win-x64": {
        "type": "Transitive",
        "resolved": "2.0.1",
        "contentHash": "Xa26crmeyGGE9y+M1cTONtIAHF2WLUco9oA2DKqs/oyWEUPgoR4CLsGIVib0lfSUDikm3ZSias3MWHC40eW2dw=="
      },
      "Microsoft.CodeCoverage": {
        "type": "Transitive",
        "resolved": "17.5.0",
        "contentHash": "6FQo0O6LKDqbCiIgVQhJAf810HSjFlOj7FunWaeOGDKxy8DAbpHzPk4SfBTXz9ytaaceuIIeR6hZgplt09m+ig=="
      },
      "Microsoft.TestPlatform.ObjectModel": {
        "type": "Transitive",
        "resolved": "17.5.0",
        "contentHash": "QwiBJcC/oEA1kojOaB0uPWOIo4i6BYuTBBYJVhUvmXkyYqZ2Ut/VZfgi+enf8LF8J4sjO98oRRFt39MiRorcIw==",
        "dependencies": {
          "NuGet.Frameworks": "5.11.0",
          "System.Reflection.Metadata": "1.6.0"
        }
      },
      "Microsoft.TestPlatform.TestHost": {
        "type": "Transitive",
        "resolved": "17.5.0",
        "contentHash": "X86aikwp9d4SDcBChwzQYZihTPGEtMdDk+9t64emAl7N0Tq+OmlLAoW+Rs+2FB2k6QdUicSlT4QLO2xABRokaw==",
        "dependencies": {
          "Microsoft.TestPlatform.ObjectModel": "17.5.0",
          "Newtonsoft.Json": "13.0.1"
        }
      },
      "Newtonsoft.Json": {
        "type": "Transitive",
        "resolved": "13.0.1",
        "contentHash": "ppPFpBcvxdsfUonNcvITKqLl3bqxWbDCZIzDWHzjpdAHRFfZe0Dw9HmA0+za13IdyrgJwpkDTDA9fHaxOrt20A=="
      },
      "NuGet.Frameworks": {
        "type": "Transitive",
        "resolved": "5.11.0",
        "contentHash": "eaiXkUjC4NPcquGWzAGMXjuxvLwc6XGKMptSyOGQeT0X70BUZObuybJFZLA0OfTdueLd3US23NBPTBb6iF3V1Q=="
      },
      "System.Reflection.Metadata": {
        "type": "Transitive",
        "resolved": "1.6.0",
        "contentHash": "COC1aiAJjCoA5GBF+QKL2uLqEBew4JsCkQmoHKbN3TlOZKa2fKLz5CpiRQKDz0RsAOEGsVKqOD5bomsXq/4STQ=="
      },
      "Maa.Framework": {
        "type": "Project",
        "dependencies": {
          "Maa.Framework.Native": "[1.0.0-dev, )",
          "Maa.Framework.Runtimes": "[2.0.1, )"
        }
      },
      "Maa.Framework.Binding": {
        "type": "Project"
      },
      "Maa.Framework.Binding.Native": {
        "type": "Project",
        "dependencies": {
          "Maa.Framework.Binding": "[1.0.0-dev, )"
        }
      },
      "Maa.Framework.Native": {
        "type": "Project",
        "dependencies": {
          "Maa.AgentBinary": "[1.0.0, )",
          "Maa.Framework.Binding.Native": "[1.0.0-dev, )"
        }
      },
      "Maa.AgentBinary": {
        "type": "CentralTransitive",
        "requested": "[1.0.0, )",
        "resolved": "1.0.0",
        "contentHash": "09TsLd4LbaxoK68AZAg4MZFle/kkX8JZTbjRbkJYptyUCPCtdbVr8odukKG1CUzL4Wumbu+Fk7ppNX/OSlRMOA=="
      },
      "Maa.Framework.Runtimes": {
        "type": "CentralTransitive",
        "requested": "[2.0.1, )",
        "resolved": "2.0.1",
        "contentHash": "2a/zZ98Ia6DHX5MRlst45HTWLG60PveUFuozRSs2dWt4+vdstEWxaPCeewk1fllxLjEdpE2YHLWxx2c4Tpd30Q==",
        "dependencies": {
          "Maa.Framework.Runtime.linux-arm64": "2.0.1",
          "Maa.Framework.Runtime.linux-x64": "2.0.1",
          "Maa.Framework.Runtime.osx-arm64": "2.0.1",
          "Maa.Framework.Runtime.osx-x64": "2.0.1",
          "Maa.Framework.Runtime.win-arm64": "2.0.1",
          "Maa.Framework.Runtime.win-x64": "2.0.1"
        }
      }
    }
  }
}