{
  "version": 2,
  "dependencies": {
    "net7.0": {
      "Microsoft.NET.Test.Sdk": {
        "type": "Direct",
        "requested": "[17.13.0, )",
        "resolved": "17.13.0",
        "contentHash": "W19wCPizaIC9Zh47w8wWI/yxuqR7/dtABwOrc8r2jX/8mUNxM2vw4fXDh+DJTeogxV+KzKwg5jNNGQVwf3LXyA==",
        "dependencies": {
          "Microsoft.CodeCoverage": "17.13.0",
          "Microsoft.TestPlatform.TestHost": "17.13.0"
        }
      },
      "MSTest.TestAdapter": {
        "type": "Direct",
        "requested": "[3.9.0, )",
        "resolved": "3.9.0",
        "contentHash": "Wr/6WL531iFIAzlEqD7EGrYYPx03++f+SKRdVy/jIzLC84hjlfnJRxR6izYb542X8XPrncJ1CiXUFYaTssXw1w==",
        "dependencies": {
          "Microsoft.Testing.Extensions.VSTestBridge": "1.7.0",
          "Microsoft.Testing.Platform.MSBuild": "1.7.0"
        }
      },
      "MSTest.TestFramework": {
        "type": "Direct",
        "requested": "[3.9.0, )",
        "resolved": "3.9.0",
        "contentHash": "Mk4P16g1SaCL6iWU++nINFvhoUtMXklUxIZjUQMEgsoQ3BrgZXWcIoDIePCB4ObS6Cyk2V7rWRmfInx8iv/EYA==",
        "dependencies": {
          "MSTest.Analyzers": "3.9.0"
        }
      },
      "SixLabors.ImageSharp": {
        "type": "Direct",
        "requested": "[3.1.8, )",
        "resolved": "3.1.8",
        "contentHash": "8eJkROLGh6DBQLR666q2aOpAaean2puZaZ6Ur9YxoyGzjaZhv8OJSxtnDou54+OXMkXtLUdyQC0so47sOsqZjg=="
      },
      "SonarAnalyzer.CSharp": {
        "type": "Direct",
        "requested": "[10.10.0.116381, )",
        "resolved": "10.10.0.116381",
        "contentHash": "HkJuI8dBE64BF7ySlfN8t/lQ91E/pgiQPvOS51lIKKy3/IJiwHHqQ4dkI6gixDkKBDK7lImvvNa0ECH+I0PqmA=="
      },
      "Maa.Framework.Runtime.linux-arm64": {
        "type": "Transitive",
        "resolved": "4.4.0-beta.2",
        "contentHash": "LKYz8DiO+rFgapIk455EPsr/ZyMUbfOQbDxRcZN8lPMqhfNLvDH1Q33sgjj3/Qctugv4uU2yxTalZOLpAot+UA=="
      },
      "Maa.Framework.Runtime.linux-x64": {
        "type": "Transitive",
        "resolved": "4.4.0-beta.2",
        "contentHash": "+9XPYRQBJnNZDmiMD0JjJhFdRs/bjsuvkjsE0GUcaY4mlSeiE1cQ329c/n8etrDS5RDY7Tx6Xo/rP69pSMZ16w=="
      },
      "Maa.Framework.Runtime.osx-arm64": {
        "type": "Transitive",
        "resolved": "4.4.0-beta.2",
        "contentHash": "ReTiZcStOvgpxiHExhdJtoglQxZMX+wXIMrtMUeMQQjIgejXP+6SOoAfiF6bl/Jk3y34Mxe321hQs3GULlwCNQ=="
      },
      "Maa.Framework.Runtime.osx-x64": {
        "type": "Transitive",
        "resolved": "4.4.0-beta.2",
        "contentHash": "/s8TRpJ4A6vshYnW8Nq5azQllO9wnBaxOxKMam4E7mqQDDq8oabW9ElD42CtQIdU8IUu9dlW+zB35GAR/vc8wA=="
      },
      "Maa.Framework.Runtime.win-arm64": {
        "type": "Transitive",
        "resolved": "4.4.0-beta.2",
        "contentHash": "M5G4SOU2zXsnK66lQwJUFp9I9LuS2KFXB5Pvmncx+2wWLaUzDfmMm31wyU1Z0iKgBMa8fzuoaIV7mpUbQSOr4A=="
      },
      "Maa.Framework.Runtime.win-x64": {
        "type": "Transitive",
        "resolved": "4.4.0-beta.2",
        "contentHash": "vjI76d0c12sHqmvHwWae2R5ffCxsofJyAk0jNMafWDK1Fjq0g8VTj7ZUBn/YG2RcXTtsSt15XBMcXW2bV4/gPQ=="
      },
      "Microsoft.ApplicationInsights": {
        "type": "Transitive",
        "resolved": "2.23.0",
        "contentHash": "nWArUZTdU7iqZLycLKWe0TDms48KKGE6pONH2terYNa8REXiqixrMOkf1sk5DHGMaUTqONU2YkS4SAXBhLStgw==",
        "dependencies": {
          "System.Diagnostics.DiagnosticSource": "5.0.0"
        }
      },
      "Microsoft.CodeCoverage": {
        "type": "Transitive",
        "resolved": "17.13.0",
        "contentHash": "9LIUy0y+DvUmEPtbRDw6Bay3rzwqFV8P4efTrK4CZhQle3M/QwLPjISghfcolmEGAPWxuJi6m98ZEfk4VR4Lfg=="
      },
      "Microsoft.Testing.Extensions.Telemetry": {
        "type": "Transitive",
        "resolved": "1.7.0",
        "contentHash": "eXkRnsWkCMiY/BCL8AvFQN63nCJYw+xXixuFq1D/4SzzcEGCVz7rX9tLi6walYU/FgFo/qyL6BkY8CLGekf6Xg==",
        "dependencies": {
          "Microsoft.ApplicationInsights": "2.23.0",
          "Microsoft.Testing.Platform": "1.7.0"
        }
      },
      "Microsoft.Testing.Extensions.TrxReport.Abstractions": {
        "type": "Transitive",
        "resolved": "1.7.0",
        "contentHash": "Ni+mS5T4b0vKnxXvw71zGi35six0Thgesb2zIjvKuxF00iZpUy9KX7VokVsrVTFKnT9Ipn0xFp/GSjLLO/Prxw==",
        "dependencies": {
          "Microsoft.Testing.Platform": "1.7.0"
        }
      },
      "Microsoft.Testing.Extensions.VSTestBridge": {
        "type": "Transitive",
        "resolved": "1.7.0",
        "contentHash": "s9rccHDhCjlmdSywkRxOr9rzs+LgnfFJKFjjDwBRsNvyvx5+odJv7U9ri9JRTSekw3IgpxESUc20KVjAEgjOsQ==",
        "dependencies": {
          "Microsoft.TestPlatform.AdapterUtilities": "17.13.0",
          "Microsoft.TestPlatform.ObjectModel": "17.13.0",
          "Microsoft.Testing.Extensions.Telemetry": "1.7.0",
          "Microsoft.Testing.Extensions.TrxReport.Abstractions": "1.7.0",
          "Microsoft.Testing.Platform": "1.7.0"
        }
      },
      "Microsoft.Testing.Platform": {
        "type": "Transitive",
        "resolved": "1.7.0",
        "contentHash": "bJtnCNob2YW0DXjy7ElwKHuN+6s65rVU3lukHY7rrvxZIYBW0GJB8V011zTGex2QgoHsepChby8C8ibk3PlAAg=="
      },
      "Microsoft.Testing.Platform.MSBuild": {
        "type": "Transitive",
        "resolved": "1.7.0",
        "contentHash": "P7SrBj9z44GIAzg5/AJp5+iQEAtir8n0p4w7Ay8wkS43gqAHfsyUAg0n41q0q/svGeqFrIC7QqnLYzkWaZEOTQ==",
        "dependencies": {
          "Microsoft.Testing.Platform": "1.7.0"
        }
      },
      "Microsoft.TestPlatform.AdapterUtilities": {
        "type": "Transitive",
        "resolved": "17.13.0",
        "contentHash": "bFZ3uAhosdXjyXKURDQy37fPosCJQwedB5DG/SzsXL1QXsrfsIYty2kQMqCRRUqm8sBZBRHWRp4BT9SmpWXcKQ=="
      },
      "Microsoft.TestPlatform.ObjectModel": {
        "type": "Transitive",
        "resolved": "17.13.0",
        "contentHash": "bt0E0Dx+iqW97o4A59RCmUmz/5NarJ7LRL+jXbSHod72ibL5XdNm1Ke+UO5tFhBG4VwHLcSjqq9BUSblGNWamw==",
        "dependencies": {
          "System.Reflection.Metadata": "1.6.0"
        }
      },
      "Microsoft.TestPlatform.TestHost": {
        "type": "Transitive",
        "resolved": "17.13.0",
        "contentHash": "9GGw08Dc3AXspjekdyTdZ/wYWFlxbgcF0s7BKxzVX+hzAwpifDOdxM+ceVaaJSQOwqt3jtuNlHn3XTpKUS9x9Q==",
        "dependencies": {
          "Microsoft.TestPlatform.ObjectModel": "17.13.0",
          "Newtonsoft.Json": "13.0.1"
        }
      },
      "MSTest.Analyzers": {
        "type": "Transitive",
        "resolved": "3.9.0",
        "contentHash": "uVLSpmjB2WNpwIjihPpAbO3UFqIgH6FQMZJ4fjStg6W4NF4Byloqipy7+FJCBq062P2gF6i884SUpiXbB3nCwQ=="
      },
      "Newtonsoft.Json": {
        "type": "Transitive",
        "resolved": "13.0.1",
        "contentHash": "ppPFpBcvxdsfUonNcvITKqLl3bqxWbDCZIzDWHzjpdAHRFfZe0Dw9HmA0+za13IdyrgJwpkDTDA9fHaxOrt20A=="
      },
      "System.Diagnostics.DiagnosticSource": {
        "type": "Transitive",
        "resolved": "5.0.0",
        "contentHash": "tCQTzPsGZh/A9LhhA6zrqCRV4hOHsK90/G7q3Khxmn6tnB1PuNU0cRaKANP2AWcF9bn0zsuOoZOSrHuJk6oNBA=="
      },
      "System.Reflection.Metadata": {
        "type": "Transitive",
        "resolved": "1.6.0",
        "contentHash": "COC1aiAJjCoA5GBF+QKL2uLqEBew4JsCkQmoHKbN3TlOZKa2fKLz5CpiRQKDz0RsAOEGsVKqOD5bomsXq/4STQ=="
      },
      "Maa.Framework": {
        "type": "Project",
        "dependencies": {
          "Maa.Framework.Native": "[1.0.0-dev, )",
          "Maa.Framework.Runtimes": "[4.4.0-beta.2, )"
        }
      },
      "Maa.Framework.Binding": {
        "type": "Project"
      },
      "Maa.Framework.Binding.Extensions": {
        "type": "Project",
        "dependencies": {
          "Maa.Framework.Binding": "[1.0.0-dev, )"
        }
      },
      "Maa.Framework.Binding.Native": {
        "type": "Project",
        "dependencies": {
          "Maa.Framework.Binding": "[1.0.0-dev, )"
        }
      },
      "Maa.Framework.Native": {
        "type": "Project",
        "dependencies": {
          "Maa.AgentBinary": "[1.1.0, )",
          "Maa.Framework.Binding.Native": "[1.0.0-dev, )"
        }
      },
      "Maa.AgentBinary": {
        "type": "CentralTransitive",
        "requested": "[1.1.0, )",
        "resolved": "1.1.0",
        "contentHash": "SITxxo/h53R/WlhaaG6CK4qWGwmc6/fcPykCnXG3tIs2Mx4iS2Y4XfRWlCtwpMoP0lyanjl+ZvqMUQ4vEV9U7A=="
      },
      "Maa.Framework.Runtimes": {
        "type": "CentralTransitive",
        "requested": "[4.4.0-beta.2, )",
        "resolved": "4.4.0-beta.2",
        "contentHash": "eXwPxOgc7Mt059fSi5w2vLfOSBeOV3B3dxcs3+IaIAcTZhNJuhELyOcvTH2iT3k66ygksRH99fIsbqqDt6WaUg==",
        "dependencies": {
          "Maa.Framework.Runtime.linux-arm64": "4.4.0-beta.2",
          "Maa.Framework.Runtime.linux-x64": "4.4.0-beta.2",
          "Maa.Framework.Runtime.osx-arm64": "4.4.0-beta.2",
          "Maa.Framework.Runtime.osx-x64": "4.4.0-beta.2",
          "Maa.Framework.Runtime.win-arm64": "4.4.0-beta.2",
          "Maa.Framework.Runtime.win-x64": "4.4.0-beta.2"
        }
      }
    },
    "net9.0": {
      "Microsoft.NET.Test.Sdk": {
        "type": "Direct",
        "requested": "[17.14.0, )",
        "resolved": "17.14.0",
        "contentHash": "rTtdOm6C96q9QgP3mS8nUGPGPh5Xm2HnBYJggNmNrJ3LDmX9lJuUIgnJEfvX6wSQY4swUMiCcIXd3OkjhYCgtw==",
        "dependencies": {
          "Microsoft.CodeCoverage": "17.14.0",
          "Microsoft.TestPlatform.TestHost": "17.14.0"
        }
      },
      "MSTest.TestAdapter": {
        "type": "Direct",
        "requested": "[3.9.0, )",
        "resolved": "3.9.0",
        "contentHash": "Wr/6WL531iFIAzlEqD7EGrYYPx03++f+SKRdVy/jIzLC84hjlfnJRxR6izYb542X8XPrncJ1CiXUFYaTssXw1w==",
        "dependencies": {
          "Microsoft.Testing.Extensions.VSTestBridge": "1.7.0",
          "Microsoft.Testing.Platform.MSBuild": "1.7.0"
        }
      },
      "MSTest.TestFramework": {
        "type": "Direct",
        "requested": "[3.9.0, )",
        "resolved": "3.9.0",
        "contentHash": "Mk4P16g1SaCL6iWU++nINFvhoUtMXklUxIZjUQMEgsoQ3BrgZXWcIoDIePCB4ObS6Cyk2V7rWRmfInx8iv/EYA==",
        "dependencies": {
          "MSTest.Analyzers": "3.9.0"
        }
      },
      "SixLabors.ImageSharp": {
        "type": "Direct",
        "requested": "[3.1.8, )",
        "resolved": "3.1.8",
        "contentHash": "8eJkROLGh6DBQLR666q2aOpAaean2puZaZ6Ur9YxoyGzjaZhv8OJSxtnDou54+OXMkXtLUdyQC0so47sOsqZjg=="
      },
      "SonarAnalyzer.CSharp": {
        "type": "Direct",
        "requested": "[10.10.0.116381, )",
        "resolved": "10.10.0.116381",
        "contentHash": "HkJuI8dBE64BF7ySlfN8t/lQ91E/pgiQPvOS51lIKKy3/IJiwHHqQ4dkI6gixDkKBDK7lImvvNa0ECH+I0PqmA=="
      },
      "Maa.Framework.Runtime.linux-arm64": {
        "type": "Transitive",
        "resolved": "4.4.0-beta.2",
        "contentHash": "LKYz8DiO+rFgapIk455EPsr/ZyMUbfOQbDxRcZN8lPMqhfNLvDH1Q33sgjj3/Qctugv4uU2yxTalZOLpAot+UA=="
      },
      "Maa.Framework.Runtime.linux-x64": {
        "type": "Transitive",
        "resolved": "4.4.0-beta.2",
        "contentHash": "+9XPYRQBJnNZDmiMD0JjJhFdRs/bjsuvkjsE0GUcaY4mlSeiE1cQ329c/n8etrDS5RDY7Tx6Xo/rP69pSMZ16w=="
      },
      "Maa.Framework.Runtime.osx-arm64": {
        "type": "Transitive",
        "resolved": "4.4.0-beta.2",
        "contentHash": "ReTiZcStOvgpxiHExhdJtoglQxZMX+wXIMrtMUeMQQjIgejXP+6SOoAfiF6bl/Jk3y34Mxe321hQs3GULlwCNQ=="
      },
      "Maa.Framework.Runtime.osx-x64": {
        "type": "Transitive",
        "resolved": "4.4.0-beta.2",
        "contentHash": "/s8TRpJ4A6vshYnW8Nq5azQllO9wnBaxOxKMam4E7mqQDDq8oabW9ElD42CtQIdU8IUu9dlW+zB35GAR/vc8wA=="
      },
      "Maa.Framework.Runtime.win-arm64": {
        "type": "Transitive",
        "resolved": "4.4.0-beta.2",
        "contentHash": "M5G4SOU2zXsnK66lQwJUFp9I9LuS2KFXB5Pvmncx+2wWLaUzDfmMm31wyU1Z0iKgBMa8fzuoaIV7mpUbQSOr4A=="
      },
      "Maa.Framework.Runtime.win-x64": {
        "type": "Transitive",
        "resolved": "4.4.0-beta.2",
        "contentHash": "vjI76d0c12sHqmvHwWae2R5ffCxsofJyAk0jNMafWDK1Fjq0g8VTj7ZUBn/YG2RcXTtsSt15XBMcXW2bV4/gPQ=="
      },
      "Microsoft.ApplicationInsights": {
        "type": "Transitive",
        "resolved": "2.23.0",
        "contentHash": "nWArUZTdU7iqZLycLKWe0TDms48KKGE6pONH2terYNa8REXiqixrMOkf1sk5DHGMaUTqONU2YkS4SAXBhLStgw==",
        "dependencies": {
          "System.Diagnostics.DiagnosticSource": "5.0.0"
        }
      },
      "Microsoft.CodeCoverage": {
        "type": "Transitive",
        "resolved": "17.14.0",
        "contentHash": "z2GYXGG6LjGoumT59xSB2dMnqSwQBjkxdDJmSJHwy5nPtZ435GXa6wj5hz/lRrAZ7NyXXxZNXVsiHXzHRru5eA=="
      },
      "Microsoft.Testing.Extensions.Telemetry": {
        "type": "Transitive",
        "resolved": "1.7.0",
        "contentHash": "eXkRnsWkCMiY/BCL8AvFQN63nCJYw+xXixuFq1D/4SzzcEGCVz7rX9tLi6walYU/FgFo/qyL6BkY8CLGekf6Xg==",
        "dependencies": {
          "Microsoft.ApplicationInsights": "2.23.0",
          "Microsoft.Testing.Platform": "1.7.0"
        }
      },
      "Microsoft.Testing.Extensions.TrxReport.Abstractions": {
        "type": "Transitive",
        "resolved": "1.7.0",
        "contentHash": "Ni+mS5T4b0vKnxXvw71zGi35six0Thgesb2zIjvKuxF00iZpUy9KX7VokVsrVTFKnT9Ipn0xFp/GSjLLO/Prxw==",
        "dependencies": {
          "Microsoft.Testing.Platform": "1.7.0"
        }
      },
      "Microsoft.Testing.Extensions.VSTestBridge": {
        "type": "Transitive",
        "resolved": "1.7.0",
        "contentHash": "s9rccHDhCjlmdSywkRxOr9rzs+LgnfFJKFjjDwBRsNvyvx5+odJv7U9ri9JRTSekw3IgpxESUc20KVjAEgjOsQ==",
        "dependencies": {
          "Microsoft.TestPlatform.AdapterUtilities": "17.13.0",
          "Microsoft.TestPlatform.ObjectModel": "17.13.0",
          "Microsoft.Testing.Extensions.Telemetry": "1.7.0",
          "Microsoft.Testing.Extensions.TrxReport.Abstractions": "1.7.0",
          "Microsoft.Testing.Platform": "1.7.0"
        }
      },
      "Microsoft.Testing.Platform": {
        "type": "Transitive",
        "resolved": "1.7.0",
        "contentHash": "bJtnCNob2YW0DXjy7ElwKHuN+6s65rVU3lukHY7rrvxZIYBW0GJB8V011zTGex2QgoHsepChby8C8ibk3PlAAg=="
      },
      "Microsoft.Testing.Platform.MSBuild": {
        "type": "Transitive",
        "resolved": "1.7.0",
        "contentHash": "P7SrBj9z44GIAzg5/AJp5+iQEAtir8n0p4w7Ay8wkS43gqAHfsyUAg0n41q0q/svGeqFrIC7QqnLYzkWaZEOTQ==",
        "dependencies": {
          "Microsoft.Testing.Platform": "1.7.0"
        }
      },
      "Microsoft.TestPlatform.AdapterUtilities": {
        "type": "Transitive",
        "resolved": "17.13.0",
        "contentHash": "bFZ3uAhosdXjyXKURDQy37fPosCJQwedB5DG/SzsXL1QXsrfsIYty2kQMqCRRUqm8sBZBRHWRp4BT9SmpWXcKQ=="
      },
      "Microsoft.TestPlatform.ObjectModel": {
        "type": "Transitive",
        "resolved": "17.14.0",
        "contentHash": "3h7y7f/HuY8jdZa163p/55VmGw/fYJwrI8FOtsp4aEQAJaPgBr5LBS25uOfBwRYI95QDiByfaqSPBcWEvuHEwA==",
        "dependencies": {
          "System.Reflection.Metadata": "8.0.0"
        }
      },
      "Microsoft.TestPlatform.TestHost": {
        "type": "Transitive",
        "resolved": "17.14.0",
        "contentHash": "8htQBKM92s/NXUI/U0/CKKLlvlDfWIo3/mbnY/GS/2XLkBGNIVQufmUpDIzznaZqUpdzspGSsJcLhVN8aRoMaA==",
        "dependencies": {
          "Microsoft.TestPlatform.ObjectModel": "17.14.0",
          "Newtonsoft.Json": "13.0.3"
        }
      },
      "MSTest.Analyzers": {
        "type": "Transitive",
        "resolved": "3.9.0",
        "contentHash": "uVLSpmjB2WNpwIjihPpAbO3UFqIgH6FQMZJ4fjStg6W4NF4Byloqipy7+FJCBq062P2gF6i884SUpiXbB3nCwQ=="
      },
      "Newtonsoft.Json": {
        "type": "Transitive",
        "resolved": "13.0.3",
        "contentHash": "HrC5BXdl00IP9zeV+0Z848QWPAoCr9P3bDEZguI+gkLcBKAOxix/tLEAAHC+UvDNPv4a2d18lOReHMOagPa+zQ=="
      },
      "System.Collections.Immutable": {
        "type": "Transitive",
        "resolved": "8.0.0",
        "contentHash": "AurL6Y5BA1WotzlEvVaIDpqzpIPvYnnldxru8oXJU2yFxFUy3+pNXjXd1ymO+RA0rq0+590Q8gaz2l3Sr7fmqg=="
      },
      "System.Diagnostics.DiagnosticSource": {
        "type": "Transitive",
        "resolved": "5.0.0",
        "contentHash": "tCQTzPsGZh/A9LhhA6zrqCRV4hOHsK90/G7q3Khxmn6tnB1PuNU0cRaKANP2AWcF9bn0zsuOoZOSrHuJk6oNBA=="
      },
      "System.Reflection.Metadata": {
        "type": "Transitive",
        "resolved": "8.0.0",
        "contentHash": "ptvgrFh7PvWI8bcVqG5rsA/weWM09EnthFHR5SCnS6IN+P4mj6rE1lBDC4U8HL9/57htKAqy4KQ3bBj84cfYyQ==",
        "dependencies": {
          "System.Collections.Immutable": "8.0.0"
        }
      },
      "Maa.Framework": {
        "type": "Project",
        "dependencies": {
          "Maa.Framework.Native": "[1.0.0-dev, )",
          "Maa.Framework.Runtimes": "[4.4.0-beta.2, )"
        }
      },
      "Maa.Framework.Binding": {
        "type": "Project"
      },
      "Maa.Framework.Binding.Extensions": {
        "type": "Project",
        "dependencies": {
          "Maa.Framework.Binding": "[1.0.0-dev, )"
        }
      },
      "Maa.Framework.Binding.Native": {
        "type": "Project",
        "dependencies": {
          "Maa.Framework.Binding": "[1.0.0-dev, )"
        }
      },
      "Maa.Framework.Native": {
        "type": "Project",
        "dependencies": {
          "Maa.AgentBinary": "[1.1.0, )",
          "Maa.Framework.Binding.Native": "[1.0.0-dev, )"
        }
      },
      "Maa.AgentBinary": {
        "type": "CentralTransitive",
        "requested": "[1.1.0, )",
        "resolved": "1.1.0",
        "contentHash": "SITxxo/h53R/WlhaaG6CK4qWGwmc6/fcPykCnXG3tIs2Mx4iS2Y4XfRWlCtwpMoP0lyanjl+ZvqMUQ4vEV9U7A=="
      },
      "Maa.Framework.Runtimes": {
        "type": "CentralTransitive",
        "requested": "[4.4.0-beta.2, )",
        "resolved": "4.4.0-beta.2",
        "contentHash": "eXwPxOgc7Mt059fSi5w2vLfOSBeOV3B3dxcs3+IaIAcTZhNJuhELyOcvTH2iT3k66ygksRH99fIsbqqDt6WaUg==",
        "dependencies": {
          "Maa.Framework.Runtime.linux-arm64": "4.4.0-beta.2",
          "Maa.Framework.Runtime.linux-x64": "4.4.0-beta.2",
          "Maa.Framework.Runtime.osx-arm64": "4.4.0-beta.2",
          "Maa.Framework.Runtime.osx-x64": "4.4.0-beta.2",
          "Maa.Framework.Runtime.win-arm64": "4.4.0-beta.2",
          "Maa.Framework.Runtime.win-x64": "4.4.0-beta.2"
        }
      }
    }
  }
}