{
  "version": 2,
  "dependencies": {
    "net7.0": {
      "Maa.Framework.Runtimes": {
        "type": "Direct",
        "requested": "[5.0.0-alpha.6, )",
        "resolved": "5.0.0-alpha.6",
        "contentHash": "D3d0LcDCeMU0CbO1t2SN4QkX3g2iFAn3532PvMr7RqZ+m2HbqQMLRo0XzLMDKf4+LY9bL2n4BBYaTpBDyXXJNg==",
        "dependencies": {
          "Maa.Framework.Runtime.linux-arm64": "5.0.0-alpha.6",
          "Maa.Framework.Runtime.linux-x64": "5.0.0-alpha.6",
          "Maa.Framework.Runtime.osx-arm64": "5.0.0-alpha.6",
          "Maa.Framework.Runtime.osx-x64": "5.0.0-alpha.6",
          "Maa.Framework.Runtime.win-arm64": "5.0.0-alpha.6",
          "Maa.Framework.Runtime.win-x64": "5.0.0-alpha.6"
        }
      },
      "SonarAnalyzer.CSharp": {
        "type": "Direct",
        "requested": "[10.10.0.116381, )",
        "resolved": "10.10.0.116381",
        "contentHash": "HkJuI8dBE64BF7ySlfN8t/lQ91E/pgiQPvOS51lIKKy3/IJiwHHqQ4dkI6gixDkKBDK7lImvvNa0ECH+I0PqmA=="
      },
      "Maa.Framework.Runtime.linux-arm64": {
        "type": "Transitive",
        "resolved": "5.0.0-alpha.6",
        "contentHash": "LhkZQNxN9MDcnSpDdKfXoPEE23yqqgi1eeJ8bOU7adX4fu1YgbVZ5tJNPKkmK5BLmZEbwqcD6MF7IpbshqifjQ=="
      },
      "Maa.Framework.Runtime.linux-x64": {
        "type": "Transitive",
        "resolved": "5.0.0-alpha.6",
        "contentHash": "r/19WLEiGbdxlw+i07if+RKMdliprr5JmUexHWrtEAWgAv2mHe7KQDyBiRvpXJy18vv7CXMbxGVIysGQye9SYQ=="
      },
      "Maa.Framework.Runtime.osx-arm64": {
        "type": "Transitive",
        "resolved": "5.0.0-alpha.6",
        "contentHash": "SQSUEs8Ap2GgoxXk4TjE8W1GzJY3crDKFzNOnsl+mdnQRMTe1H0tqR13fvOqe0EvUUb2YhCIHr7yFCwttBglzg=="
      },
      "Maa.Framework.Runtime.osx-x64": {
        "type": "Transitive",
        "resolved": "5.0.0-alpha.6",
        "contentHash": "VRhT0zpsAcX6fUY9m4BCc7rKogeP0PE+5jg2yrJ7VfyUt0UD+OXZzFqRMnvg7pitSF/UGHqAyEyqdN+WGkflWQ=="
      },
      "Maa.Framework.Runtime.win-arm64": {
        "type": "Transitive",
        "resolved": "5.0.0-alpha.6",
        "contentHash": "n/+vpIofd0SxcChZsr9L6oYivrH/QzOrlRUl1zfeW+0fn3fobpA7UIt8h2f1cGn13ZgvDrt9fq5hlN3iPdyq/g=="
      },
      "Maa.Framework.Runtime.win-x64": {
        "type": "Transitive",
        "resolved": "5.0.0-alpha.6",
        "contentHash": "yLlH1HpvnAikB+bsi7TAe6mX0a8Cw+FygIWwYNAXEf4XGc/3ZISjxAs/o2GPNTXxo5rRoXI75m0+dzZmr8wV+g=="
      },
      "Maa.Framework.Binding": {
        "type": "Project"
      },
      "Maa.Framework.Binding.Native": {
        "type": "Project",
        "dependencies": {
          "Maa.Framework.Binding": "[1.0.0-dev, )"
        }
      },
      "Maa.Framework.Native": {
        "type": "Project",
        "dependencies": {
          "Maa.AgentBinary": "[1.1.0, )",
          "Maa.Framework.Binding.Native": "[1.0.0-dev, )"
        }
      },
      "Maa.AgentBinary": {
        "type": "CentralTransitive",
        "requested": "[1.1.0, )",
        "resolved": "1.1.0",
        "contentHash": "SITxxo/h53R/WlhaaG6CK4qWGwmc6/fcPykCnXG3tIs2Mx4iS2Y4XfRWlCtwpMoP0lyanjl+ZvqMUQ4vEV9U7A=="
      }
    },
    "net9.0": {
      "Maa.Framework.Runtimes": {
        "type": "Direct",
        "requested": "[5.0.0-alpha.6, )",
        "resolved": "5.0.0-alpha.6",
        "contentHash": "D3d0LcDCeMU0CbO1t2SN4QkX3g2iFAn3532PvMr7RqZ+m2HbqQMLRo0XzLMDKf4+LY9bL2n4BBYaTpBDyXXJNg==",
        "dependencies": {
          "Maa.Framework.Runtime.linux-arm64": "5.0.0-alpha.6",
          "Maa.Framework.Runtime.linux-x64": "5.0.0-alpha.6",
          "Maa.Framework.Runtime.osx-arm64": "5.0.0-alpha.6",
          "Maa.Framework.Runtime.osx-x64": "5.0.0-alpha.6",
          "Maa.Framework.Runtime.win-arm64": "5.0.0-alpha.6",
          "Maa.Framework.Runtime.win-x64": "5.0.0-alpha.6"
        }
      },
      "SonarAnalyzer.CSharp": {
        "type": "Direct",
        "requested": "[10.10.0.116381, )",
        "resolved": "10.10.0.116381",
        "contentHash": "HkJuI8dBE64BF7ySlfN8t/lQ91E/pgiQPvOS51lIKKy3/IJiwHHqQ4dkI6gixDkKBDK7lImvvNa0ECH+I0PqmA=="
      },
      "Maa.Framework.Runtime.linux-arm64": {
        "type": "Transitive",
        "resolved": "5.0.0-alpha.6",
        "contentHash": "LhkZQNxN9MDcnSpDdKfXoPEE23yqqgi1eeJ8bOU7adX4fu1YgbVZ5tJNPKkmK5BLmZEbwqcD6MF7IpbshqifjQ=="
      },
      "Maa.Framework.Runtime.linux-x64": {
        "type": "Transitive",
        "resolved": "5.0.0-alpha.6",
        "contentHash": "r/19WLEiGbdxlw+i07if+RKMdliprr5JmUexHWrtEAWgAv2mHe7KQDyBiRvpXJy18vv7CXMbxGVIysGQye9SYQ=="
      },
      "Maa.Framework.Runtime.osx-arm64": {
        "type": "Transitive",
        "resolved": "5.0.0-alpha.6",
        "contentHash": "SQSUEs8Ap2GgoxXk4TjE8W1GzJY3crDKFzNOnsl+mdnQRMTe1H0tqR13fvOqe0EvUUb2YhCIHr7yFCwttBglzg=="
      },
      "Maa.Framework.Runtime.osx-x64": {
        "type": "Transitive",
        "resolved": "5.0.0-alpha.6",
        "contentHash": "VRhT0zpsAcX6fUY9m4BCc7rKogeP0PE+5jg2yrJ7VfyUt0UD+OXZzFqRMnvg7pitSF/UGHqAyEyqdN+WGkflWQ=="
      },
      "Maa.Framework.Runtime.win-arm64": {
        "type": "Transitive",
        "resolved": "5.0.0-alpha.6",
        "contentHash": "n/+vpIofd0SxcChZsr9L6oYivrH/QzOrlRUl1zfeW+0fn3fobpA7UIt8h2f1cGn13ZgvDrt9fq5hlN3iPdyq/g=="
      },
      "Maa.Framework.Runtime.win-x64": {
        "type": "Transitive",
        "resolved": "5.0.0-alpha.6",
        "contentHash": "yLlH1HpvnAikB+bsi7TAe6mX0a8Cw+FygIWwYNAXEf4XGc/3ZISjxAs/o2GPNTXxo5rRoXI75m0+dzZmr8wV+g=="
      },
      "Maa.Framework.Binding": {
        "type": "Project"
      },
      "Maa.Framework.Binding.Native": {
        "type": "Project",
        "dependencies": {
          "Maa.Framework.Binding": "[1.0.0-dev, )"
        }
      },
      "Maa.Framework.Native": {
        "type": "Project",
        "dependencies": {
          "Maa.AgentBinary": "[1.1.0, )",
          "Maa.Framework.Binding.Native": "[1.0.0-dev, )"
        }
      },
      "Maa.AgentBinary": {
        "type": "CentralTransitive",
        "requested": "[1.1.0, )",
        "resolved": "1.1.0",
        "contentHash": "SITxxo/h53R/WlhaaG6CK4qWGwmc6/fcPykCnXG3tIs2Mx4iS2Y4XfRWlCtwpMoP0lyanjl+ZvqMUQ4vEV9U7A=="
      }
    }
  }
}