{
  "version": 2,
  "dependencies": {
    "net7.0": {
      "Maa.Framework.Runtimes": {
        "type": "Direct",
        "requested": "[5.1.4, )",
        "resolved": "5.1.4",
        "contentHash": "ua/4uFBmdqIJheIi/QHkJHuEUN1tA0DK5QMpgozAS9SF+QhSsVHuPJwhvoaTGCrCZEj3U4S874nZdc+bM3fDOw==",
        "dependencies": {
          "Maa.Framework.Runtime.linux-arm64": "5.1.4",
          "Maa.Framework.Runtime.linux-x64": "5.1.4",
          "Maa.Framework.Runtime.osx-arm64": "5.1.4",
          "Maa.Framework.Runtime.osx-x64": "5.1.4",
          "Maa.Framework.Runtime.win-arm64": "5.1.4",
          "Maa.Framework.Runtime.win-x64": "5.1.4"
        }
      },
      "SonarAnalyzer.CSharp": {
        "type": "Direct",
        "requested": "[10.10.0.116381, )",
        "resolved": "10.10.0.116381",
        "contentHash": "HkJuI8dBE64BF7ySlfN8t/lQ91E/pgiQPvOS51lIKKy3/IJiwHHqQ4dkI6gixDkKBDK7lImvvNa0ECH+I0PqmA=="
      },
      "Maa.Framework.Runtime.linux-arm64": {
        "type": "Transitive",
        "resolved": "5.1.4",
        "contentHash": "HlanEersfM47Wd/VUCMZSTp9d+1NMyiCyBVA3R+R5QquiHprVlSkN8cqFBR38j5VjlVQdbTEz4oIulAyXDHEeQ=="
      },
      "Maa.Framework.Runtime.linux-x64": {
        "type": "Transitive",
        "resolved": "5.1.4",
        "contentHash": "hXTfuRuO+OKtq6vVt9428/V63JpfDQeB3q1baHbytmqnLjwg0cjSVr9HmRSB1mQ4lmIaeM2kVT7533k054WFQQ=="
      },
      "Maa.Framework.Runtime.osx-arm64": {
        "type": "Transitive",
        "resolved": "5.1.4",
        "contentHash": "ehYa/mIVw71EcU00hzgMxcLsyXi2OuJscWWFywH6uo9OdjazFwPTeuEbEYmRQKjN5TG3mDWetdnJeNorM6DD9w=="
      },
      "Maa.Framework.Runtime.osx-x64": {
        "type": "Transitive",
        "resolved": "5.1.4",
        "contentHash": "y/VzLvUAxG5pJVTm7L+IqRY6W5l0VxOzNiQD5fvsDD4yQuIru5dm3lXcQVIU8ssHI+lQMyCtgexiUzaFhw1y0A=="
      },
      "Maa.Framework.Runtime.win-arm64": {
        "type": "Transitive",
        "resolved": "5.1.4",
        "contentHash": "TGG1wqVCf90UtKH16nSxZDv7n5DNrJtwUCrWV/tUAAQJluboMjjscYsIlDiRpOiBN5TyxxElmUqWJ7vzYwb0Ig=="
      },
      "Maa.Framework.Runtime.win-x64": {
        "type": "Transitive",
        "resolved": "5.1.4",
        "contentHash": "ob0f1lWgzbz69SMY8pd7P2+IIfBTN4CY+agdpocCZbdCmcDDvQTd4so9pNYariBPF0RYwt8k86SNcXYLrF0yiQ=="
      },
      "Maa.Framework.Binding": {
        "type": "Project"
      },
      "Maa.Framework.Binding.Native": {
        "type": "Project",
        "dependencies": {
          "Maa.Framework.Binding": "[1.0.0-dev, )"
        }
      },
      "Maa.Framework.Native": {
        "type": "Project",
        "dependencies": {
          "Maa.AgentBinary": "[1.2.0, )",
          "Maa.Framework.Binding.Native": "[1.0.0-dev, )"
        }
      },
      "Maa.AgentBinary": {
        "type": "CentralTransitive",
        "requested": "[1.2.0, )",
        "resolved": "1.2.0",
        "contentHash": "Gdl2wIX/1TmwII9PZQzh5He6/k/zjY0MjY6tDH9ovzCnTSKYNvFVVvPWqVgjQ7hRWZYF4nX9lPqAJyGZfI47TA=="
      }
    },
    "net9.0": {
      "Maa.Framework.Runtimes": {
        "type": "Direct",
        "requested": "[5.1.4, )",
        "resolved": "5.1.4",
        "contentHash": "ua/4uFBmdqIJheIi/QHkJHuEUN1tA0DK5QMpgozAS9SF+QhSsVHuPJwhvoaTGCrCZEj3U4S874nZdc+bM3fDOw==",
        "dependencies": {
          "Maa.Framework.Runtime.linux-arm64": "5.1.4",
          "Maa.Framework.Runtime.linux-x64": "5.1.4",
          "Maa.Framework.Runtime.osx-arm64": "5.1.4",
          "Maa.Framework.Runtime.osx-x64": "5.1.4",
          "Maa.Framework.Runtime.win-arm64": "5.1.4",
          "Maa.Framework.Runtime.win-x64": "5.1.4"
        }
      },
      "SonarAnalyzer.CSharp": {
        "type": "Direct",
        "requested": "[10.10.0.116381, )",
        "resolved": "10.10.0.116381",
        "contentHash": "HkJuI8dBE64BF7ySlfN8t/lQ91E/pgiQPvOS51lIKKy3/IJiwHHqQ4dkI6gixDkKBDK7lImvvNa0ECH+I0PqmA=="
      },
      "Maa.Framework.Runtime.linux-arm64": {
        "type": "Transitive",
        "resolved": "5.1.4",
        "contentHash": "HlanEersfM47Wd/VUCMZSTp9d+1NMyiCyBVA3R+R5QquiHprVlSkN8cqFBR38j5VjlVQdbTEz4oIulAyXDHEeQ=="
      },
      "Maa.Framework.Runtime.linux-x64": {
        "type": "Transitive",
        "resolved": "5.1.4",
        "contentHash": "hXTfuRuO+OKtq6vVt9428/V63JpfDQeB3q1baHbytmqnLjwg0cjSVr9HmRSB1mQ4lmIaeM2kVT7533k054WFQQ=="
      },
      "Maa.Framework.Runtime.osx-arm64": {
        "type": "Transitive",
        "resolved": "5.1.4",
        "contentHash": "ehYa/mIVw71EcU00hzgMxcLsyXi2OuJscWWFywH6uo9OdjazFwPTeuEbEYmRQKjN5TG3mDWetdnJeNorM6DD9w=="
      },
      "Maa.Framework.Runtime.osx-x64": {
        "type": "Transitive",
        "resolved": "5.1.4",
        "contentHash": "y/VzLvUAxG5pJVTm7L+IqRY6W5l0VxOzNiQD5fvsDD4yQuIru5dm3lXcQVIU8ssHI+lQMyCtgexiUzaFhw1y0A=="
      },
      "Maa.Framework.Runtime.win-arm64": {
        "type": "Transitive",
        "resolved": "5.1.4",
        "contentHash": "TGG1wqVCf90UtKH16nSxZDv7n5DNrJtwUCrWV/tUAAQJluboMjjscYsIlDiRpOiBN5TyxxElmUqWJ7vzYwb0Ig=="
      },
      "Maa.Framework.Runtime.win-x64": {
        "type": "Transitive",
        "resolved": "5.1.4",
        "contentHash": "ob0f1lWgzbz69SMY8pd7P2+IIfBTN4CY+agdpocCZbdCmcDDvQTd4so9pNYariBPF0RYwt8k86SNcXYLrF0yiQ=="
      },
      "Maa.Framework.Binding": {
        "type": "Project"
      },
      "Maa.Framework.Binding.Native": {
        "type": "Project",
        "dependencies": {
          "Maa.Framework.Binding": "[1.0.0-dev, )"
        }
      },
      "Maa.Framework.Native": {
        "type": "Project",
        "dependencies": {
          "Maa.AgentBinary": "[1.2.0, )",
          "Maa.Framework.Binding.Native": "[1.0.0-dev, )"
        }
      },
      "Maa.AgentBinary": {
        "type": "CentralTransitive",
        "requested": "[1.2.0, )",
        "resolved": "1.2.0",
        "contentHash": "Gdl2wIX/1TmwII9PZQzh5He6/k/zjY0MjY6tDH9ovzCnTSKYNvFVVvPWqVgjQ7hRWZYF4nX9lPqAJyGZfI47TA=="
      }
    }
  }
}