{
  "version": 2,
  "dependencies": {
    "net7.0": {
      "Maa.Framework.Runtimes": {
        "type": "Direct",
        "requested": "[5.10.5, )",
        "resolved": "5.10.5",
        "contentHash": "BHRMMejjytsRUtkCffwRiM8Rc7CR7xN+H9u0Z0vWXfVAXDQLQyla4fzS6V1AHozdiW0p8RGCG+ahjoWrIh5f1g==",
        "dependencies": {
          "Maa.Framework.Runtime.linux-arm64": "5.10.5",
          "Maa.Framework.Runtime.linux-x64": "5.10.5",
          "Maa.Framework.Runtime.osx-arm64": "5.10.5",
          "Maa.Framework.Runtime.osx-x64": "5.10.5",
          "Maa.Framework.Runtime.win-arm64": "5.10.5",
          "Maa.Framework.Runtime.win-x64": "5.10.5"
        }
      },
      "SonarAnalyzer.CSharp": {
        "type": "Direct",
        "requested": "[10.10.0.116381, )",
        "resolved": "10.10.0.116381",
        "contentHash": "HkJuI8dBE64BF7ySlfN8t/lQ91E/pgiQPvOS51lIKKy3/IJiwHHqQ4dkI6gixDkKBDK7lImvvNa0ECH+I0PqmA=="
      },
      "Maa.Framework.Runtime.linux-arm64": {
        "type": "Transitive",
        "resolved": "5.10.5",
        "contentHash": "XHwz7nNqhnCIDyHQU2NTQZF5d2rqZHjDRUVJxwa2HqlGeWpSji3X2UCDCeQ28kkGiX20f9rfVDiOmPCxo4Shvw=="
      },
      "Maa.Framework.Runtime.linux-x64": {
        "type": "Transitive",
        "resolved": "5.10.5",
        "contentHash": "VJwivZAAFMfEt5NQPtTS6ti6GyMYcfjnD209NBR9BrxhsAHaqSxu5JiH65+6/LjY2HYeFZJEk+up3pOJKKI57Q=="
      },
      "Maa.Framework.Runtime.osx-arm64": {
        "type": "Transitive",
        "resolved": "5.10.5",
        "contentHash": "/VRz97qM2eJqaUDFEsRdxzUGZGzXpi6c8awcf0qmM8/1wOqNzgLsK3aOH0fv9eD1UWJf5/1anfgq58Jf4jNH/Q=="
      },
      "Maa.Framework.Runtime.osx-x64": {
        "type": "Transitive",
        "resolved": "5.10.5",
        "contentHash": "IO7ff5fH5L2bMmOfNbF6OzyaEdEejbtBcOXXeWUKRvvSm+bLjKVonK8LhOetJ4+eq3ppM2DkR3x4vD8EKd2BAQ=="
      },
      "Maa.Framework.Runtime.win-arm64": {
        "type": "Transitive",
        "resolved": "5.10.5",
        "contentHash": "FbHsM9jGO59t1KZJHhFQTRYQMSDo+PK7Zcvs1AzC0V9PlBaWsUl1RH4Z/h63Lh2NZIrSQj88uriBgMi5GCRbdg=="
      },
      "Maa.Framework.Runtime.win-x64": {
        "type": "Transitive",
        "resolved": "5.10.5",
        "contentHash": "3B+m77FjnDq4u8LGA+tI8EokZLv1aVlIhzXRon7xsPlM59Ak5Vy84LlGmM14ajvaLeTKGYWSxC/yXuYnaHQoQg=="
      },
      "Maa.Framework.Binding": {
        "type": "Project"
      },
      "Maa.Framework.Binding.Native": {
        "type": "Project",
        "dependencies": {
          "Maa.Framework.Binding": "[1.0.0-dev, )"
        }
      },
      "Maa.Framework.Native": {
        "type": "Project",
        "dependencies": {
          "Maa.AgentBinary": "[1.2.0, )",
          "Maa.Framework.Binding.Native": "[1.0.0-dev, )"
        }
      },
      "Maa.AgentBinary": {
        "type": "CentralTransitive",
        "requested": "[1.2.0, )",
        "resolved": "1.2.0",
        "contentHash": "Gdl2wIX/1TmwII9PZQzh5He6/k/zjY0MjY6tDH9ovzCnTSKYNvFVVvPWqVgjQ7hRWZYF4nX9lPqAJyGZfI47TA=="
      }
    },
    "net9.0": {
      "Maa.Framework.Runtimes": {
        "type": "Direct",
        "requested": "[5.10.5, )",
        "resolved": "5.10.5",
        "contentHash": "BHRMMejjytsRUtkCffwRiM8Rc7CR7xN+H9u0Z0vWXfVAXDQLQyla4fzS6V1AHozdiW0p8RGCG+ahjoWrIh5f1g==",
        "dependencies": {
          "Maa.Framework.Runtime.linux-arm64": "5.10.5",
          "Maa.Framework.Runtime.linux-x64": "5.10.5",
          "Maa.Framework.Runtime.osx-arm64": "5.10.5",
          "Maa.Framework.Runtime.osx-x64": "5.10.5",
          "Maa.Framework.Runtime.win-arm64": "5.10.5",
          "Maa.Framework.Runtime.win-x64": "5.10.5"
        }
      },
      "SonarAnalyzer.CSharp": {
        "type": "Direct",
        "requested": "[10.10.0.116381, )",
        "resolved": "10.10.0.116381",
        "contentHash": "HkJuI8dBE64BF7ySlfN8t/lQ91E/pgiQPvOS51lIKKy3/IJiwHHqQ4dkI6gixDkKBDK7lImvvNa0ECH+I0PqmA=="
      },
      "Maa.Framework.Runtime.linux-arm64": {
        "type": "Transitive",
        "resolved": "5.10.5",
        "contentHash": "XHwz7nNqhnCIDyHQU2NTQZF5d2rqZHjDRUVJxwa2HqlGeWpSji3X2UCDCeQ28kkGiX20f9rfVDiOmPCxo4Shvw=="
      },
      "Maa.Framework.Runtime.linux-x64": {
        "type": "Transitive",
        "resolved": "5.10.5",
        "contentHash": "VJwivZAAFMfEt5NQPtTS6ti6GyMYcfjnD209NBR9BrxhsAHaqSxu5JiH65+6/LjY2HYeFZJEk+up3pOJKKI57Q=="
      },
      "Maa.Framework.Runtime.osx-arm64": {
        "type": "Transitive",
        "resolved": "5.10.5",
        "contentHash": "/VRz97qM2eJqaUDFEsRdxzUGZGzXpi6c8awcf0qmM8/1wOqNzgLsK3aOH0fv9eD1UWJf5/1anfgq58Jf4jNH/Q=="
      },
      "Maa.Framework.Runtime.osx-x64": {
        "type": "Transitive",
        "resolved": "5.10.5",
        "contentHash": "IO7ff5fH5L2bMmOfNbF6OzyaEdEejbtBcOXXeWUKRvvSm+bLjKVonK8LhOetJ4+eq3ppM2DkR3x4vD8EKd2BAQ=="
      },
      "Maa.Framework.Runtime.win-arm64": {
        "type": "Transitive",
        "resolved": "5.10.5",
        "contentHash": "FbHsM9jGO59t1KZJHhFQTRYQMSDo+PK7Zcvs1AzC0V9PlBaWsUl1RH4Z/h63Lh2NZIrSQj88uriBgMi5GCRbdg=="
      },
      "Maa.Framework.Runtime.win-x64": {
        "type": "Transitive",
        "resolved": "5.10.5",
        "contentHash": "3B+m77FjnDq4u8LGA+tI8EokZLv1aVlIhzXRon7xsPlM59Ak5Vy84LlGmM14ajvaLeTKGYWSxC/yXuYnaHQoQg=="
      },
      "Maa.Framework.Binding": {
        "type": "Project"
      },
      "Maa.Framework.Binding.Native": {
        "type": "Project",
        "dependencies": {
          "Maa.Framework.Binding": "[1.0.0-dev, )"
        }
      },
      "Maa.Framework.Native": {
        "type": "Project",
        "dependencies": {
          "Maa.AgentBinary": "[1.2.0, )",
          "Maa.Framework.Binding.Native": "[1.0.0-dev, )"
        }
      },
      "Maa.AgentBinary": {
        "type": "CentralTransitive",
        "requested": "[1.2.0, )",
        "resolved": "1.2.0",
        "contentHash": "Gdl2wIX/1TmwII9PZQzh5He6/k/zjY0MjY6tDH9ovzCnTSKYNvFVVvPWqVgjQ7hRWZYF4nX9lPqAJyGZfI47TA=="
      }
    }
  }
}