{
  "version": 2,
  "dependencies": {
    "net7.0": {
      "Maa.Framework.Runtimes": {
        "type": "Direct",
        "requested": "[2.0.0-beta.4, )",
        "resolved": "2.0.0-beta.4",
        "contentHash": "kiCsnPayB3/VZh4JnEQzlFNKNnZBws1ZrHjIHGqbSuxhNx4n9SU25W+kTMdXs6ht6TW6jDVrAqKbdfqNMF9BkA==",
        "dependencies": {
          "Maa.Framework.Runtime.linux-arm64": "2.0.0-beta.4",
          "Maa.Framework.Runtime.linux-x64": "2.0.0-beta.4",
          "Maa.Framework.Runtime.osx-arm64": "2.0.0-beta.4",
          "Maa.Framework.Runtime.osx-x64": "2.0.0-beta.4",
          "Maa.Framework.Runtime.win-arm64": "2.0.0-beta.4",
          "Maa.Framework.Runtime.win-x64": "2.0.0-beta.4"
        }
      },
      "SonarAnalyzer.CSharp": {
        "type": "Direct",
        "requested": "[9.21.0.86780, )",
        "resolved": "9.21.0.86780",
        "contentHash": "m+0RKlTMGDLKH8zDwGqWtvVVbY7leuDWNjcGDqEtvI12lR0fQtmPV8eooMyaA76QxUxRnbIMmilwqba1lXMvJQ=="
      },
      "Maa.Framework.Runtime.linux-arm64": {
        "type": "Transitive",
        "resolved": "2.0.0-beta.4",
        "contentHash": "6wwNHeQDj420eTQFDBM3ES0jxV2hR+ZGlWvpFd6YAK3la+KkbaVv2qBun1sXpAYKe8V7EoOtVPtjQwrgHroZfw=="
      },
      "Maa.Framework.Runtime.linux-x64": {
        "type": "Transitive",
        "resolved": "2.0.0-beta.4",
        "contentHash": "PktSm4DffIe77FwQbPbSW3Eg5vLLTw+1X7WH/YLj5HvunZ5zxfZyHd4V2X5KEWXSYi0DoX3/0Y3Ab1BXdY7ttw=="
      },
      "Maa.Framework.Runtime.osx-arm64": {
        "type": "Transitive",
        "resolved": "2.0.0-beta.4",
        "contentHash": "dcDPw10ttaSxBgOcQ8ytzSMQYWoWIuHK5T0NUNlrNckKytk26vJ4fSbecle+9Brw2j0LHkQrDVHtMfR4aX0FfA=="
      },
      "Maa.Framework.Runtime.osx-x64": {
        "type": "Transitive",
        "resolved": "2.0.0-beta.4",
        "contentHash": "OjsXjOwIaBgVFoRyETuvFYoT9qEX7/1PXwkkYS6TRaV7KKs60JRVWhWegaFZlmyXW/5X243DJmYc3ti/paE0Xw=="
      },
      "Maa.Framework.Runtime.win-arm64": {
        "type": "Transitive",
        "resolved": "2.0.0-beta.4",
        "contentHash": "XzrOck9G/LQJqXL0udj4LQwhUI97omz5t67Bp3HlNVZ5nSAW72QXE2ZUnsBwFOUp5+s2pdNz7xtk3EEgq12rbA=="
      },
      "Maa.Framework.Runtime.win-x64": {
        "type": "Transitive",
        "resolved": "2.0.0-beta.4",
        "contentHash": "SiwAGjvbjO6wxp0T+o9BvRSElZmx+5Ta1FkTxI0Rflka4/S3unxwRVDi/x2oFwNhdYzHBewQywmc/lPo++EtRA=="
      },
      "Maa.Framework.Binding": {
        "type": "Project"
      }
    },
    "net8.0": {
      "Maa.Framework.Runtimes": {
        "type": "Direct",
        "requested": "[2.0.0-beta.4, )",
        "resolved": "2.0.0-beta.4",
        "contentHash": "kiCsnPayB3/VZh4JnEQzlFNKNnZBws1ZrHjIHGqbSuxhNx4n9SU25W+kTMdXs6ht6TW6jDVrAqKbdfqNMF9BkA==",
        "dependencies": {
          "Maa.Framework.Runtime.linux-arm64": "2.0.0-beta.4",
          "Maa.Framework.Runtime.linux-x64": "2.0.0-beta.4",
          "Maa.Framework.Runtime.osx-arm64": "2.0.0-beta.4",
          "Maa.Framework.Runtime.osx-x64": "2.0.0-beta.4",
          "Maa.Framework.Runtime.win-arm64": "2.0.0-beta.4",
          "Maa.Framework.Runtime.win-x64": "2.0.0-beta.4"
        }
      },
      "SonarAnalyzer.CSharp": {
        "type": "Direct",
        "requested": "[9.21.0.86780, )",
        "resolved": "9.21.0.86780",
        "contentHash": "m+0RKlTMGDLKH8zDwGqWtvVVbY7leuDWNjcGDqEtvI12lR0fQtmPV8eooMyaA76QxUxRnbIMmilwqba1lXMvJQ=="
      },
      "Maa.Framework.Runtime.linux-arm64": {
        "type": "Transitive",
        "resolved": "2.0.0-beta.4",
        "contentHash": "6wwNHeQDj420eTQFDBM3ES0jxV2hR+ZGlWvpFd6YAK3la+KkbaVv2qBun1sXpAYKe8V7EoOtVPtjQwrgHroZfw=="
      },
      "Maa.Framework.Runtime.linux-x64": {
        "type": "Transitive",
        "resolved": "2.0.0-beta.4",
        "contentHash": "PktSm4DffIe77FwQbPbSW3Eg5vLLTw+1X7WH/YLj5HvunZ5zxfZyHd4V2X5KEWXSYi0DoX3/0Y3Ab1BXdY7ttw=="
      },
      "Maa.Framework.Runtime.osx-arm64": {
        "type": "Transitive",
        "resolved": "2.0.0-beta.4",
        "contentHash": "dcDPw10ttaSxBgOcQ8ytzSMQYWoWIuHK5T0NUNlrNckKytk26vJ4fSbecle+9Brw2j0LHkQrDVHtMfR4aX0FfA=="
      },
      "Maa.Framework.Runtime.osx-x64": {
        "type": "Transitive",
        "resolved": "2.0.0-beta.4",
        "contentHash": "OjsXjOwIaBgVFoRyETuvFYoT9qEX7/1PXwkkYS6TRaV7KKs60JRVWhWegaFZlmyXW/5X243DJmYc3ti/paE0Xw=="
      },
      "Maa.Framework.Runtime.win-arm64": {
        "type": "Transitive",
        "resolved": "2.0.0-beta.4",
        "contentHash": "XzrOck9G/LQJqXL0udj4LQwhUI97omz5t67Bp3HlNVZ5nSAW72QXE2ZUnsBwFOUp5+s2pdNz7xtk3EEgq12rbA=="
      },
      "Maa.Framework.Runtime.win-x64": {
        "type": "Transitive",
        "resolved": "2.0.0-beta.4",
        "contentHash": "SiwAGjvbjO6wxp0T+o9BvRSElZmx+5Ta1FkTxI0Rflka4/S3unxwRVDi/x2oFwNhdYzHBewQywmc/lPo++EtRA=="
      },
      "Maa.Framework.Binding": {
        "type": "Project"
      }
    }
  }
}